<?xml version="1.0" encoding="UTF-8"?>
<Project ToolsVersion="15.0" xmlns="http://schemas.microsoft.com/developer/msbuild/2003">
  <ItemGroup>
    <CustomBuild Include="D:\personal\IT\projects\Shader-Engine\CMakeFiles\53df55e857f2b92b8cb1ce7ebd27b991\generate.stamp.rule">
      <Filter>CMake Rules</Filter>
    </CustomBuild>
  </ItemGroup>
  <ItemGroup>
    <Filter Include="CMake Rules">
      <UniqueIdentifier>{3DFBC326-A523-3B06-9C8E-57DECC682A3F}</UniqueIdentifier>
    </Filter>
  </ItemGroup>
</Project>
